// !$*UTF8*$!
{
	archiveVersion = 1;
	classes = {
	};
	objectVersion = 77;
	objects = {

/* Begin PBXBuildFile section */
		AE4942102E6EB7DC0084C7A6 /* CONTRIBUTING.md in Resources */ = {isa = PBXBuildFile; fileRef = AE49420C2E6EB7DC0084C7A6 /* CONTRIBUTING.md */; };
		AE4942112E6EB7DC0084C7A6 /* README.md in Resources */ = {isa = PBXBuildFile; fileRef = AE49420D2E6EB7DC0084C7A6 /* README.md */; };
		AE4942122E6EB7DC0084C7A6 /* bump_version.sh in Resources */ = {isa = PBXBuildFile; fileRef = AE49420E2E6EB7DC0084C7A6 /* bump_version.sh */; };
		AE4942132E6EB7DC0084C7A6 /* Base.xcconfig in Resources */ = {isa = PBXBuildFile; fileRef = AE49420A2E6EB7DC0084C7A6 /* Base.xcconfig */; };
/* End PBXBuildFile section */

/* Begin PBXContainerItemProxy section */
		AE368B842E6E9D7C00904921 /* PBXContainerItemProxy */ = {
			isa = PBXContainerItemProxy;
			containerPortal = AE368B6D2E6E9D7B00904921 /* Project object */;
			proxyType = 1;
			remoteGlobalIDString = AE368B742E6E9D7B00904921;
			remoteInfo = Workoutlog;
		};
		AE368B8E2E6E9D7C00904921 /* PBXContainerItemProxy */ = {
			isa = PBXContainerItemProxy;
			containerPortal = AE368B6D2E6E9D7B00904921 /* Project object */;
			proxyType = 1;
			remoteGlobalIDString = AE368B742E6E9D7B00904921;
			remoteInfo = Workoutlog;
		};
/* End PBXContainerItemProxy section */

/* Begin PBXFileReference section */
		AE368B752E6E9D7B00904921 /* Workoutlog.app */ = {isa = PBXFileReference; explicitFileType = wrapper.application; includeInIndex = 0; path = Workoutlog.app; sourceTree = BUILT_PRODUCTS_DIR; };
		AE368B832E6E9D7C00904921 /* WorkoutlogTests.xctest */ = {isa = PBXFileReference; explicitFileType = wrapper.cfbundle; includeInIndex = 0; path = WorkoutlogTests.xctest; sourceTree = BUILT_PRODUCTS_DIR; };
		AE368B8D2E6E9D7C00904921 /* WorkoutlogUITests.xctest */ = {isa = PBXFileReference; explicitFileType = wrapper.cfbundle; includeInIndex = 0; path = WorkoutlogUITests.xctest; sourceTree = BUILT_PRODUCTS_DIR; };
		AE49420A2E6EB7DC0084C7A6 /* Base.xcconfig */ = {isa = PBXFileReference; lastKnownFileType = text.xcconfig; path = Base.xcconfig; sourceTree = "<group>"; };
		AE49420C2E6EB7DC0084C7A6 /* CONTRIBUTING.md */ = {isa = PBXFileReference; lastKnownFileType = net.daringfireball.markdown; path = CONTRIBUTING.md; sourceTree = "<group>"; };
		AE49420D2E6EB7DC0084C7A6 /* README.md */ = {isa = PBXFileReference; lastKnownFileType = net.daringfireball.markdown; path = README.md; sourceTree = "<group>"; };
		AE49420E2E6EB7DC0084C7A6 /* bump_version.sh */ = {isa = PBXFileReference; lastKnownFileType = text.script.sh; path = bump_version.sh; sourceTree = "<group>"; };
/* End PBXFileReference section */

/* Begin PBXFileSystemSynchronizedRootGroup section */
		AE368B772E6E9D7B00904921 /* Workoutlog */ = {
			isa = PBXFileSystemSynchronizedRootGroup;
			path = Workoutlog;
			sourceTree = "<group>";
		};
		AE368B862E6E9D7C00904921 /* WorkoutlogTests */ = {
			isa = PBXFileSystemSynchronizedRootGroup;
			path = WorkoutlogTests;
			sourceTree = "<group>";
		};
		AE368B902E6E9D7C00904921 /* WorkoutlogUITests */ = {
			isa = PBXFileSystemSynchronizedRootGroup;
			path = WorkoutlogUITests;
			sourceTree = "<group>";
		};
/* End PBXFileSystemSynchronizedRootGroup section */

/* Begin PBXFrameworksBuildPhase section */
		AE368B722E6E9D7B00904921 /* Frameworks */ = {
			isa = PBXFrameworksBuildPhase;
			buildActionMask = 2147483647;
			files = (
			);
			runOnlyForDeploymentPostprocessing = 0;
		};
		AE368B802E6E9D7C00904921 /* Frameworks */ = {
			isa = PBXFrameworksBuildPhase;
			buildActionMask = 2147483647;
			files = (
			);
			runOnlyForDeploymentPostprocessing = 0;
		};
		AE368B8A2E6E9D7C00904921 /* Frameworks */ = {
			isa = PBXFrameworksBuildPhase;
			buildActionMask = 2147483647;
			files = (
			);
			runOnlyForDeploymentPostprocessing = 0;
		};
/* End PBXFrameworksBuildPhase section */

/* Begin PBXGroup section */
		AE368B6C2E6E9D7B00904921 = {
			isa = PBXGroup;
			children = (
				AE49420B2E6EB7DC0084C7A6 /* Config */,
				AE49420C2E6EB7DC0084C7A6 /* CONTRIBUTING.md */,
				AE49420D2E6EB7DC0084C7A6 /* README.md */,
				AE49420F2E6EB7DC0084C7A6 /* scripts */,
				AE368B772E6E9D7B00904921 /* Workoutlog */,
				AE368B862E6E9D7C00904921 /* WorkoutlogTests */,
				AE368B902E6E9D7C00904921 /* WorkoutlogUITests */,
				AE368B762E6E9D7B00904921 /* Products */,
			);
			sourceTree = "<group>";
		};
		AE368B762E6E9D7B00904921 /* Products */ = {
			isa = PBXGroup;
			children = (
				AE368B752E6E9D7B00904921 /* Workoutlog.app */,
				AE368B832E6E9D7C00904921 /* WorkoutlogTests.xctest */,
				AE368B8D2E6E9D7C00904921 /* WorkoutlogUITests.xctest */,
			);
			name = Products;
			sourceTree = "<group>";
		};
		AE49420B2E6EB7DC0084C7A6 /* Config */ = {
			isa = PBXGroup;
			children = (
				AE49420A2E6EB7DC0084C7A6 /* Base.xcconfig */,
			);
			path = Config;
			sourceTree = "<group>";
		};
		AE49420F2E6EB7DC0084C7A6 /* scripts */ = {
			isa = PBXGroup;
			children = (
				AE49420E2E6EB7DC0084C7A6 /* bump_version.sh */,
			);
			path = scripts;
			sourceTree = "<group>";
		};
/* End PBXGroup section */

/* Begin PBXNativeTarget section */
		AE368B742E6E9D7B00904921 /* Workoutlog */ = {
			isa = PBXNativeTarget;
			buildConfigurationList = AE368B972E6E9D7C00904921 /* Build configuration list for PBXNativeTarget "Workoutlog" */;
			buildPhases = (
				AE368B712E6E9D7B00904921 /* Sources */,
				AE368B722E6E9D7B00904921 /* Frameworks */,
				AE368B732E6E9D7B00904921 /* Resources */,
			);
			buildRules = (
			);
			dependencies = (
			);
			fileSystemSynchronizedGroups = (
				AE368B772E6E9D7B00904921 /* Workoutlog */,
			);
			name = Workoutlog;
			packageProductDependencies = (
			);
			productName = Workoutlog;
			productReference = AE368B752E6E9D7B00904921 /* Workoutlog.app */;
			productType = "com.apple.product-type.application";
		};
		AE368B822E6E9D7C00904921 /* WorkoutlogTests */ = {
			isa = PBXNativeTarget;
			buildConfigurationList = AE368B9A2E6E9D7C00904921 /* Build configuration list for PBXNativeTarget "WorkoutlogTests" */;
			buildPhases = (
				AE368B7F2E6E9D7C00904921 /* Sources */,
				AE368B802E6E9D7C00904921 /* Frameworks */,
				AE368B812E6E9D7C00904921 /* Resources */,
			);
			buildRules = (
			);
			dependencies = (
				AE368B852E6E9D7C00904921 /* PBXTargetDependency */,
			);
			fileSystemSynchronizedGroups = (
				AE368B862E6E9D7C00904921 /* WorkoutlogTests */,
			);
			name = WorkoutlogTests;
			packageProductDependencies = (
			);
			productName = WorkoutlogTests;
			productReference = AE368B832E6E9D7C00904921 /* WorkoutlogTests.xctest */;
			productType = "com.apple.product-type.bundle.unit-test";
		};
		AE368B8C2E6E9D7C00904921 /* WorkoutlogUITests */ = {
			isa = PBXNativeTarget;
			buildConfigurationList = AE368B9D2E6E9D7C00904921 /* Build configuration list for PBXNativeTarget "WorkoutlogUITests" */;
			buildPhases = (
				AE368B892E6E9D7C00904921 /* Sources */,
				AE368B8A2E6E9D7C00904921 /* Frameworks */,
				AE368B8B2E6E9D7C00904921 /* Resources */,
			);
			buildRules = (
			);
			dependencies = (
				AE368B8F2E6E9D7C00904921 /* PBXTargetDependency */,
			);
			fileSystemSynchronizedGroups = (
				AE368B902E6E9D7C00904921 /* WorkoutlogUITests */,
			);
			name = WorkoutlogUITests;
			packageProductDependencies = (
			);
			productName = WorkoutlogUITests;
			productReference = AE368B8D2E6E9D7C00904921 /* WorkoutlogUITests.xctest */;
			productType = "com.apple.product-type.bundle.ui-testing";
		};
/* End PBXNativeTarget section */

/* Begin PBXProject section */
		AE368B6D2E6E9D7B00904921 /* Project object */ = {
			isa = PBXProject;
			attributes = {
				BuildIndependentTargetsInParallel = 1;
				LastSwiftUpdateCheck = 1640;
				LastUpgradeCheck = 1640;
				TargetAttributes = {
					AE368B742E6E9D7B00904921 = {
						CreatedOnToolsVersion = 16.4;
					};
					AE368B822E6E9D7C00904921 = {
						CreatedOnToolsVersion = 16.4;
						TestTargetID = AE368B742E6E9D7B00904921;
					};
					AE368B8C2E6E9D7C00904921 = {
						CreatedOnToolsVersion = 16.4;
						TestTargetID = AE368B742E6E9D7B00904921;
					};
				};
			};
			buildConfigurationList = AE368B702E6E9D7B00904921 /* Build configuration list for PBXProject "Workoutlog" */;
			developmentRegion = en;
			hasScannedForEncodings = 0;
			knownRegions = (
				en,
				Base,
			);
			mainGroup = AE368B6C2E6E9D7B00904921;
			minimizedProjectReferenceProxies = 1;
			preferredProjectObjectVersion = 77;
			productRefGroup = AE368B762E6E9D7B00904921 /* Products */;
			projectDirPath = "";
			projectRoot = "";
			targets = (
				AE368B742E6E9D7B00904921 /* Workoutlog */,
				AE368B822E6E9D7C00904921 /* WorkoutlogTests */,
				AE368B8C2E6E9D7C00904921 /* WorkoutlogUITests */,
			);
		};
/* End PBXProject section */

/* Begin PBXResourcesBuildPhase section */
		AE368B732E6E9D7B00904921 /* Resources */ = {
			isa = PBXResourcesBuildPhase;
			buildActionMask = 2147483647;
			files = (
				AE4942102E6EB7DC0084C7A6 /* CONTRIBUTING.md in Resources */,
				AE4942112E6EB7DC0084C7A6 /* README.md in Resources */,
				AE4942122E6EB7DC0084C7A6 /* bump_version.sh in Resources */,
				AE4942132E6EB7DC0084C7A6 /* Base.xcconfig in Resources */,
			);
			runOnlyForDeploymentPostprocessing = 0;
		};
		AE368B812E6E9D7C00904921 /* Resources */ = {
			isa = PBXResourcesBuildPhase;
			buildActionMask = 2147483647;
			files = (
			);
			runOnlyForDeploymentPostprocessing = 0;
		};
		AE368B8B2E6E9D7C00904921 /* Resources */ = {
			isa = PBXResourcesBuildPhase;
			buildActionMask = 2147483647;
			files = (
			);
			runOnlyForDeploymentPostprocessing = 0;
		};
/* End PBXResourcesBuildPhase section */

/* Begin PBXSourcesBuildPhase section */
		AE368B712E6E9D7B00904921 /* Sources */ = {
			isa = PBXSourcesBuildPhase;
			buildActionMask = 2147483647;
			files = (
			);
			runOnlyForDeploymentPostprocessing = 0;
		};
		AE368B7F2E6E9D7C00904921 /* Sources */ = {
			isa = PBXSourcesBuildPhase;
			buildActionMask = 2147483647;
			files = (
			);
			runOnlyForDeploymentPostprocessing = 0;
		};
		AE368B892E6E9D7C00904921 /* Sources */ = {
			isa = PBXSourcesBuildPhase;
			buildActionMask = 2147483647;
			files = (
			);
			runOnlyForDeploymentPostprocessing = 0;
		};
/* End PBXSourcesBuildPhase section */

/* Begin PBXTargetDependency section */
		AE368B852E6E9D7C00904921 /* PBXTargetDependency */ = {
			isa = PBXTargetDependency;
			target = AE368B742E6E9D7B00904921 /* Workoutlog */;
			targetProxy = AE368B842E6E9D7C00904921 /* PBXContainerItemProxy */;
		};
		AE368B8F2E6E9D7C00904921 /* PBXTargetDependency */ = {
			isa = PBXTargetDependency;
			target = AE368B742E6E9D7B00904921 /* Workoutlog */;
			targetProxy = AE368B8E2E6E9D7C00904921 /* PBXContainerItemProxy */;
		};
/* End PBXTargetDependency section */

/* Begin XCBuildConfiguration section */
		AE368B952E6E9D7C00904921 /* Debug */ = {
			isa = XCBuildConfiguration;
			buildSettings = {
				ALWAYS_SEARCH_USER_PATHS = NO;
				ASSETCATALOG_COMPILER_GENERATE_SWIFT_ASSET_SYMBOL_EXTENSIONS = YES;
				CLANG_ANALYZER_NONNULL = YES;
				CLANG_ANALYZER_NUMBER_OBJECT_CONVERSION = YES_AGGRESSIVE;
				CLANG_CXX_LANGUAGE_STANDARD = "gnu++20";
				CLANG_ENABLE_MODULES = YES;
				CLANG_ENABLE_OBJC_ARC = YES;
				CLANG_ENABLE_OBJC_WEAK = YES;
				CLANG_WARN_BLOCK_CAPTURE_AUTORELEASING = YES;
				CLANG_WARN_BOOL_CONVERSION = YES;
				CLANG_WARN_COMMA = YES;
				CLANG_WARN_CONSTANT_CONVERSION = YES;
				CLANG_WARN_DEPRECATED_OBJC_IMPLEMENTATIONS = YES;
				CLANG_WARN_DIRECT_OBJC_ISA_USAGE = YES_ERROR;
				CLANG_WARN_DOCUMENTATION_COMMENTS = YES;
				CLANG_WARN_EMPTY_BODY = YES;
				CLANG_WARN_ENUM_CONVERSION = YES;
				CLANG_WARN_INFINITE_RECURSION = YES;
				CLANG_WARN_INT_CONVERSION = YES;
				CLANG_WARN_NON_LITERAL_NULL_CONVERSION = YES;
				CLANG_WARN_OBJC_IMPLICIT_RETAIN_SELF = YES;
				CLANG_WARN_OBJC_LITERAL_CONVERSION = YES;
				CLANG_WARN_OBJC_ROOT_CLASS = YES_ERROR;
				CLANG_WARN_QUOTED_INCLUDE_IN_FRAMEWORK_HEADER = YES;
				CLANG_WARN_RANGE_LOOP_ANALYSIS = YES;
				CLANG_WARN_STRICT_PROTOTYPES = YES;
				CLANG_WARN_SUSPICIOUS_MOVE = YES;
				CLANG_WARN_UNGUARDED_AVAILABILITY = YES_AGGRESSIVE;
				CLANG_WARN_UNREACHABLE_CODE = YES;
				CLANG_WARN__DUPLICATE_METHOD_MATCH = YES;
				COPY_PHASE_STRIP = NO;
				DEBUG_INFORMATION_FORMAT = dwarf;
				DEVELOPMENT_TEAM = Y4RMZPJAA7;
				ENABLE_STRICT_OBJC_MSGSEND = YES;
				ENABLE_TESTABILITY = YES;
				ENABLE_USER_SCRIPT_SANDBOXING = YES;
				GCC_C_LANGUAGE_STANDARD = gnu17;
				GCC_DYNAMIC_NO_PIC = NO;
				GCC_NO_COMMON_BLOCKS = YES;
				GCC_OPTIMIZATION_LEVEL = 0;
				GCC_PREPROCESSOR_DEFINITIONS = (
					"DEBUG=1",
					"$(inherited)",
				);
				GCC_WARN_64_TO_32_BIT_CONVERSION = YES;
				GCC_WARN_ABOUT_RETURN_TYPE = YES_ERROR;
				GCC_WARN_UNDECLARED_SELECTOR = YES;
				GCC_WARN_UNINITIALIZED_AUTOS = YES_AGGRESSIVE;
				GCC_WARN_UNUSED_FUNCTION = YES;
				GCC_WARN_UNUSED_VARIABLE = YES;
				LOCALIZATION_PREFERS_STRING_CATALOGS = YES;
				MTL_ENABLE_DEBUG_INFO = INCLUDE_SOURCE;
				MTL_FAST_MATH = YES;
				ONLY_ACTIVE_ARCH = YES;
				SWIFT_ACTIVE_COMPILATION_CONDITIONS = "DEBUG $(inherited)";
				SWIFT_OPTIMIZATION_LEVEL = "-Onone";
			};
			name = Debug;
		};
		AE368B962E6E9D7C00904921 /* Release */ = {
			isa = XCBuildConfiguration;
			buildSettings = {
				ALWAYS_SEARCH_USER_PATHS = NO;
				ASSETCATALOG_COMPILER_GENERATE_SWIFT_ASSET_SYMBOL_EXTENSIONS = YES;
				CLANG_ANALYZER_NONNULL = YES;
				CLANG_ANALYZER_NUMBER_OBJECT_CONVERSION = YES_AGGRESSIVE;
				CLANG_CXX_LANGUAGE_STANDARD = "gnu++20";
				CLANG_ENABLE_MODULES = YES;
				CLANG_ENABLE_OBJC_ARC = YES;
				CLANG_ENABLE_OBJC_WEAK = YES;
				CLANG_WARN_BLOCK_CAPTURE_AUTORELEASING = YES;
				CLANG_WARN_BOOL_CONVERSION = YES;
				CLANG_WARN_COMMA = YES;
				CLANG_WARN_CONSTANT_CONVERSION = YES;
				CLANG_WARN_DEPRECATED_OBJC_IMPLEMENTATIONS = YES;
				CLANG_WARN_DIRECT_OBJC_ISA_USAGE = YES_ERROR;
				CLANG_WARN_DOCUMENTATION_COMMENTS = YES;
				CLANG_WARN_EMPTY_BODY = YES;
				CLANG_WARN_ENUM_CONVERSION = YES;
				CLANG_WARN_INFINITE_RECURSION = YES;
				CLANG_WARN_INT_CONVERSION = YES;
				CLANG_WARN_NON_LITERAL_NULL_CONVERSION = YES;
				CLANG_WARN_OBJC_IMPLICIT_RETAIN_SELF = YES;
				CLANG_WARN_OBJC_LITERAL_CONVERSION = YES;
				CLANG_WARN_OBJC_ROOT_CLASS = YES_ERROR;
				CLANG_WARN_QUOTED_INCLUDE_IN_FRAMEWORK_HEADER = YES;
				CLANG_WARN_RANGE_LOOP_ANALYSIS = YES;
				CLANG_WARN_STRICT_PROTOTYPES = YES;
				CLANG_WARN_SUSPICIOUS_MOVE = YES;
				CLANG_WARN_UNGUARDED_AVAILABILITY = YES_AGGRESSIVE;
				CLANG_WARN_UNREACHABLE_CODE = YES;
				CLANG_WARN__DUPLICATE_METHOD_MATCH = YES;
				COPY_PHASE_STRIP = NO;
				DEBUG_INFORMATION_FORMAT = "dwarf-with-dsym";
				DEVELOPMENT_TEAM = Y4RMZPJAA7;
				ENABLE_NS_ASSERTIONS = NO;
				ENABLE_STRICT_OBJC_MSGSEND = YES;
				ENABLE_USER_SCRIPT_SANDBOXING = YES;
				GCC_C_LANGUAGE_STANDARD = gnu17;
				GCC_NO_COMMON_BLOCKS = YES;
				GCC_WARN_64_TO_32_BIT_CONVERSION = YES;
				GCC_WARN_ABOUT_RETURN_TYPE = YES_ERROR;
				GCC_WARN_UNDECLARED_SELECTOR = YES;
				GCC_WARN_UNINITIALIZED_AUTOS = YES_AGGRESSIVE;
				GCC_WARN_UNUSED_FUNCTION = YES;
				GCC_WARN_UNUSED_VARIABLE = YES;
				LOCALIZATION_PREFERS_STRING_CATALOGS = YES;
				MTL_ENABLE_DEBUG_INFO = NO;
				MTL_FAST_MATH = YES;
				SWIFT_COMPILATION_MODE = wholemodule;
			};
			name = Release;
		};
		AE368B982E6E9D7C00904921 /* Debug */ = {
			isa = XCBuildConfiguration;
			buildSettings = {
				ASSETCATALOG_COMPILER_APPICON_NAME = AppIcon;
				ASSETCATALOG_COMPILER_GLOBAL_ACCENT_COLOR_NAME = AccentColor;
				CODE_SIGN_ENTITLEMENTS = Workoutlog/Workoutlog.entitlements;
				CODE_SIGN_STYLE = Automatic;
				CURRENT_PROJECT_VERSION = 1;
				DEVELOPMENT_TEAM = Y4RMZPJAA7;
				ENABLE_HARDENED_RUNTIME = YES;
				ENABLE_PREVIEWS = YES;
				GENERATE_INFOPLIST_FILE = YES;
				"INFOPLIST_KEY_UIApplicationSceneManifest_Generation[sdk=iphoneos*]" = YES;
				"INFOPLIST_KEY_UIApplicationSceneManifest_Generation[sdk=iphonesimulator*]" = YES;
				"INFOPLIST_KEY_UIApplicationSupportsIndirectInputEvents[sdk=iphoneos*]" = YES;
				"INFOPLIST_KEY_UIApplicationSupportsIndirectInputEvents[sdk=iphonesimulator*]" = YES;
				"INFOPLIST_KEY_UILaunchScreen_Generation[sdk=iphoneos*]" = YES;
				"INFOPLIST_KEY_UILaunchScreen_Generation[sdk=iphonesimulator*]" = YES;
				"INFOPLIST_KEY_UIStatusBarStyle[sdk=iphoneos*]" = UIStatusBarStyleDefault;
				"INFOPLIST_KEY_UIStatusBarStyle[sdk=iphonesimulator*]" = UIStatusBarStyleDefault;
				INFOPLIST_KEY_UISupportedInterfaceOrientations_iPad = "UIInterfaceOrientationPortrait UIInterfaceOrientationPortraitUpsideDown UIInterfaceOrientationLandscapeLeft UIInterfaceOrientationLandscapeRight";
				INFOPLIST_KEY_UISupportedInterfaceOrientations_iPhone = "UIInterfaceOrientationPortrait UIInterfaceOrientationLandscapeLeft UIInterfaceOrientationLandscapeRight";
				IPHONEOS_DEPLOYMENT_TARGET = 18.5;
				LD_RUNPATH_SEARCH_PATHS = "@executable_path/Frameworks";
				"LD_RUNPATH_SEARCH_PATHS[sdk=macosx*]" = "@executable_path/../Frameworks";
				MACOSX_DEPLOYMENT_TARGET = 15.5;
				MARKETING_VERSION = 1.0;
				PRODUCT_BUNDLE_IDENTIFIER = com.jiin.workoutlog;
				PRODUCT_NAME = "$(TARGET_NAME)";
				REGISTER_APP_GROUPS = YES;
				SDKROOT = auto;
				SUPPORTED_PLATFORMS = "iphoneos iphonesimulator macosx xros xrsimulator";
				SWIFT_EMIT_LOC_STRINGS = YES;
				SWIFT_VERSION = 5.0;
				TARGETED_DEVICE_FAMILY = "1,2,7";
				XROS_DEPLOYMENT_TARGET = 2.5;
			};
			name = Debug;
		};
		AE368B992E6E9D7C00904921 /* Release */ = {
			isa = XCBuildConfiguration;
			buildSettings = {
				ASSETCATALOG_COMPILER_APPICON_NAME = AppIcon;
				ASSETCATALOG_COMPILER_GLOBAL_ACCENT_COLOR_NAME = AccentColor;
				CODE_SIGN_ENTITLEMENTS = Workoutlog/Workoutlog.entitlements;
				CODE_SIGN_STYLE = Automatic;
				CURRENT_PROJECT_VERSION = 1;
				DEVELOPMENT_TEAM = Y4RMZPJAA7;
				ENABLE_HARDENED_RUNTIME = YES;
				ENABLE_PREVIEWS = YES;
				GENERATE_INFOPLIST_FILE = YES;
				"INFOPLIST_KEY_UIApplicationSceneManifest_Generation[sdk=iphoneos*]" = YES;
				"INFOPLIST_KEY_UIApplicationSceneManifest_Generation[sdk=iphonesimulator*]" = YES;
				"INFOPLIST_KEY_UIApplicationSupportsIndirectInputEvents[sdk=iphoneos*]" = YES;
				"INFOPLIST_KEY_UIApplicationSupportsIndirectInputEvents[sdk=iphonesimulator*]" = YES;
				"INFOPLIST_KEY_UILaunchScreen_Generation[sdk=iphoneos*]" = YES;
				"INFOPLIST_KEY_UILaunchScreen_Generation[sdk=iphonesimulator*]" = YES;
				"INFOPLIST_KEY_UIStatusBarStyle[sdk=iphoneos*]" = UIStatusBarStyleDefault;
				"INFOPLIST_KEY_UIStatusBarStyle[sdk=iphonesimulator*]" = UIStatusBarStyleDefault;
				INFOPLIST_KEY_UISupportedInterfaceOrientations_iPad = "UIInterfaceOrientationPortrait UIInterfaceOrientationPortraitUpsideDown UIInterfaceOrientationLandscapeLeft UIInterfaceOrientationLandscapeRight";
				INFOPLIST_KEY_UISupportedInterfaceOrientations_iPhone = "UIInterfaceOrientationPortrait UIInterfaceOrientationLandscapeLeft UIInterfaceOrientationLandscapeRight";
				IPHONEOS_DEPLOYMENT_TARGET = 18.5;
				LD_RUNPATH_SEARCH_PATHS = "@executable_path/Frameworks";
				"LD_RUNPATH_SEARCH_PATHS[sdk=macosx*]" = "@executable_path/../Frameworks";
				MACOSX_DEPLOYMENT_TARGET = 15.5;
				MARKETING_VERSION = 1.0;
				PRODUCT_BUNDLE_IDENTIFIER = com.jiin.workoutlog;
				PRODUCT_NAME = "$(TARGET_NAME)";
				REGISTER_APP_GROUPS = YES;
				SDKROOT = auto;
				SUPPORTED_PLATFORMS = "iphoneos iphonesimulator macosx xros xrsimulator";
				SWIFT_EMIT_LOC_STRINGS = YES;
				SWIFT_VERSION = 5.0;
				TARGETED_DEVICE_FAMILY = "1,2,7";
				XROS_DEPLOYMENT_TARGET = 2.5;
			};
			name = Release;
		};
		AE368B9B2E6E9D7C00904921 /* Debug */ = {
			isa = XCBuildConfiguration;
			buildSettings = {
				BUNDLE_LOADER = "$(TEST_HOST)";
				CODE_SIGN_STYLE = Automatic;
				CURRENT_PROJECT_VERSION = 1;
				DEVELOPMENT_TEAM = Y4RMZPJAA7;
				GENERATE_INFOPLIST_FILE = YES;
				IPHONEOS_DEPLOYMENT_TARGET = 18.5;
				MACOSX_DEPLOYMENT_TARGET = 15.5;
				MARKETING_VERSION = 1.0;
				PRODUCT_BUNDLE_IDENTIFIER = com.imjing.WorkoutlogTests;
				PRODUCT_NAME = "$(TARGET_NAME)";
				SDKROOT = auto;
				SUPPORTED_PLATFORMS = "iphoneos iphonesimulator macosx xros xrsimulator";
				SWIFT_EMIT_LOC_STRINGS = NO;
				SWIFT_VERSION = 5.0;
				TARGETED_DEVICE_FAMILY = "1,2,7";
				TEST_HOST = "$(BUILT_PRODUCTS_DIR)/Workoutlog.app/$(BUNDLE_EXECUTABLE_FOLDER_PATH)/Workoutlog";
				XROS_DEPLOYMENT_TARGET = 2.5;
			};
			name = Debug;
		};
		AE368B9C2E6E9D7C00904921 /* Release */ = {
			isa = XCBuildConfiguration;
			buildSettings = {
				BUNDLE_LOADER = "$(TEST_HOST)";
				CODE_SIGN_STYLE = Automatic;
				CURRENT_PROJECT_VERSION = 1;
				DEVELOPMENT_TEAM = Y4RMZPJAA7;
				GENERATE_INFOPLIST_FILE = YES;
				IPHONEOS_DEPLOYMENT_TARGET = 18.5;
				MACOSX_DEPLOYMENT_TARGET = 15.5;
				MARKETING_VERSION = 1.0;
				PRODUCT_BUNDLE_IDENTIFIER = com.imjing.WorkoutlogTests;
				PRODUCT_NAME = "$(TARGET_NAME)";
				SDKROOT = auto;
				SUPPORTED_PLATFORMS = "iphoneos iphonesimulator macosx xros xrsimulator";
				SWIFT_EMIT_LOC_STRINGS = NO;
				SWIFT_VERSION = 5.0;
				TARGETED_DEVICE_FAMILY = "1,2,7";
				TEST_HOST = "$(BUILT_PRODUCTS_DIR)/Workoutlog.app/$(BUNDLE_EXECUTABLE_FOLDER_PATH)/Workoutlog";
				XROS_DEPLOYMENT_TARGET = 2.5;
			};
			name = Release;
		};
		AE368B9E2E6E9D7C00904921 /* Debug */ = {
			isa = XCBuildConfiguration;
			buildSettings = {
				CODE_SIGN_STYLE = Automatic;
				CURRENT_PROJECT_VERSION = 1;
				DEVELOPMENT_TEAM = Y4RMZPJAA7;
				GENERATE_INFOPLIST_FILE = YES;
				IPHONEOS_DEPLOYMENT_TARGET = 18.5;
				MACOSX_DEPLOYMENT_TARGET = 15.5;
				MARKETING_VERSION = 1.0;
				PRODUCT_BUNDLE_IDENTIFIER = com.imjing.WorkoutlogUITests;
				PRODUCT_NAME = "$(TARGET_NAME)";
				SDKROOT = auto;
				SUPPORTED_PLATFORMS = "iphoneos iphonesimulator macosx xros xrsimulator";
				SWIFT_EMIT_LOC_STRINGS = NO;
				SWIFT_VERSION = 5.0;
				TARGETED_DEVICE_FAMILY = "1,2,7";
				TEST_TARGET_NAME = Workoutlog;
				XROS_DEPLOYMENT_TARGET = 2.5;
			};
			name = Debug;
		};
		AE368B9F2E6E9D7C00904921 /* Release */ = {
			isa = XCBuildConfiguration;
			buildSettings = {
				CODE_SIGN_STYLE = Automatic;
				CURRENT_PROJECT_VERSION = 1;
				DEVELOPMENT_TEAM = Y4RMZPJAA7;
				GENERATE_INFOPLIST_FILE = YES;
				IPHONEOS_DEPLOYMENT_TARGET = 18.5;
				MACOSX_DEPLOYMENT_TARGET = 15.5;
				MARKETING_VERSION = 1.0;
				PRODUCT_BUNDLE_IDENTIFIER = com.imjing.WorkoutlogUITests;
				PRODUCT_NAME = "$(TARGET_NAME)";
				SDKROOT = auto;
				SUPPORTED_PLATFORMS = "iphoneos iphonesimulator macosx xros xrsimulator";
				SWIFT_EMIT_LOC_STRINGS = NO;
				SWIFT_VERSION = 5.0;
				TARGETED_DEVICE_FAMILY = "1,2,7";
				TEST_TARGET_NAME = Workoutlog;
				XROS_DEPLOYMENT_TARGET = 2.5;
			};
			name = Release;
		};
/* End XCBuildConfiguration section */

/* Begin XCConfigurationList section */
		AE368B702E6E9D7B00904921 /* Build configuration list for PBXProject "Workoutlog" */ = {
			isa = XCConfigurationList;
			buildConfigurations = (
				AE368B952E6E9D7C00904921 /* Debug */,
				AE368B962E6E9D7C00904921 /* Release */,
			);
			defaultConfigurationIsVisible = 0;
			defaultConfigurationName = Release;
		};
		AE368B972E6E9D7C00904921 /* Build configuration list for PBXNativeTarget "Workoutlog" */ = {
			isa = XCConfigurationList;
			buildConfigurations = (
				AE368B982E6E9D7C00904921 /* Debug */,
				AE368B992E6E9D7C00904921 /* Release */,
			);
			defaultConfigurationIsVisible = 0;
			defaultConfigurationName = Release;
		};
		AE368B9A2E6E9D7C00904921 /* Build configuration list for PBXNativeTarget "WorkoutlogTests" */ = {
			isa = XCConfigurationList;
			buildConfigurations = (
				AE368B9B2E6E9D7C00904921 /* Debug */,
				AE368B9C2E6E9D7C00904921 /* Release */,
			);
			defaultConfigurationIsVisible = 0;
			defaultConfigurationName = Release;
		};
		AE368B9D2E6E9D7C00904921 /* Build configuration list for PBXNativeTarget "WorkoutlogUITests" */ = {
			isa = XCConfigurationList;
			buildConfigurations = (
				AE368B9E2E6E9D7C00904921 /* Debug */,
				AE368B9F2E6E9D7C00904921 /* Release */,
			);
			defaultConfigurationIsVisible = 0;
			defaultConfigurationName = Release;
		};
/* End XCConfigurationList section */
	};
	rootObject = AE368B6D2E6E9D7B00904921 /* Project object */;
}
